// !$*UTF8*$!
{
	archiveVersion = 1;
	classes = {
	};
	objectVersion = 50;
	objects = {

/* Begin PBXBuildFile section */
		043DC1E32699AE9000249191 /* AppDelegate.swift in Sources */ = {isa = PBXBuildFile; fileRef = 043DC1E22699AE9000249191 /* AppDelegate.swift */; };
		043DC1E52699AE9000249191 /* SceneDelegate.swift in Sources */ = {isa = PBXBuildFile; fileRef = 043DC1E42699AE9000249191 /* SceneDelegate.swift */; };
		043DC1E72699AE9000249191 /* ViewController.swift in Sources */ = {isa = PBXBuildFile; fileRef = 043DC1E62699AE9000249191 /* ViewController.swift */; };
		043DC1EA2699AE9000249191 /* Main.storyboard in Resources */ = {isa = PBXBuildFile; fileRef = 043DC1E82699AE9000249191 /* Main.storyboard */; };
		043DC1EC2699AE9100249191 /* Assets.xcassets in Resources */ = {isa = PBXBuildFile; fileRef = 043DC1EB2699AE9100249191 /* Assets.xcassets */; };
		043DC1EF2699AE9100249191 /* LaunchScreen.storyboard in Resources */ = {isa = PBXBuildFile; fileRef = 043DC1ED2699AE9100249191 /* LaunchScreen.storyboard */; };
		043DC1F82699B02700249191 /* MyCollectionViewCell.swift in Sources */ = {isa = PBXBuildFile; fileRef = 043DC1F72699B02700249191 /* MyCollectionViewCell.swift */; };
/* End PBXBuildFile section */

/* Begin PBXFileReference section */
		043DC1DF2699AE9000249191 /* Collection View.app */ = {isa = PBXFileReference; explicitFileType = wrapper.application; includeInIndex = 0; path = "Collection View.app"; sourceTree = BUILT_PRODUCTS_DIR; };
		043DC1E22699AE9000249191 /* AppDelegate.swift */ = {isa = PBXFileReference; lastKnownFileType = sourcecode.swift; path = AppDelegate.swift; sourceTree = "<group>"; };
		043DC1E42699AE9000249191 /* SceneDelegate.swift */ = {isa = PBXFileReference; lastKnownFileType = sourcecode.swift; path = SceneDelegate.swift; sourceTree = "<group>"; };
		043DC1E62699AE9000249191 /* ViewController.swift */ = {isa = PBXFileReference; lastKnownFileType = sourcecode.swift; path = ViewController.swift; sourceTree = "<group>"; };
		043DC1E92699AE9000249191 /* Base */ = {isa = PBXFileReference; lastKnownFileType = file.storyboard; name = Base; path = Base.lproj/Main.storyboard; sourceTree = "<group>"; };
		043DC1EB2699AE9100249191 /* Assets.xcassets */ = {isa = PBXFileReference; lastKnownFileType = folder.assetcatalog; path = Assets.xcassets; sourceTree = "<group>"; };
		043DC1EE2699AE9100249191 /* Base */ = {isa = PBXFileReference; lastKnownFileType = file.storyboard; name = Base; path = Base.lproj/LaunchScreen.storyboard; sourceTree = "<group>"; };
		043DC1F02699AE9100249191 /* Info.plist */ = {isa = PBXFileReference; lastKnownFileType = text.plist.xml; path = Info.plist; sourceTree = "<group>"; };
		043DC1F72699B02700249191 /* MyCollectionViewCell.swift */ = {isa = PBXFileReference; lastKnownFileType = sourcecode.swift; path = MyCollectionViewCell.swift; sourceTree = "<group>"; };
/* End PBXFileReference section */

/* Begin PBXFrameworksBuildPhase section */
		043DC1DC2699AE9000249191 /* Frameworks */ = {
			isa = PBXFrameworksBuildPhase;
			buildActionMask = 2147483647;
			files = (
			);
			runOnlyForDeploymentPostprocessing = 0;
		};
/* End PBXFrameworksBuildPhase section */

/* Begin PBXGroup section */
		043DC1D62699AE9000249191 = {
			isa = PBXGroup;
			children = (
				043DC1E12699AE9000249191 /* Collection View */,
				043DC1E02699AE9000249191 /* Products */,
			);
			sourceTree = "<group>";
		};
		043DC1E02699AE9000249191 /* Products */ = {
			isa = PBXGroup;
			children = (
				043DC1DF2699AE9000249191 /* Collection View.app */,
			);
			name = Products;
			sourceTree = "<group>";
		};
		043DC1E12699AE9000249191 /* Collection View */ = {
			isa = PBXGroup;
			children = (
				043DC1E22699AE9000249191 /* AppDelegate.swift */,
				043DC1E42699AE9000249191 /* SceneDelegate.swift */,
				043DC1E62699AE9000249191 /* ViewController.swift */,
				043DC1F72699B02700249191 /* MyCollectionViewCell.swift */,
				043DC1E82699AE9000249191 /* Main.storyboard */,
				043DC1EB2699AE9100249191 /* Assets.xcassets */,
				043DC1ED2699AE9100249191 /* LaunchScreen.storyboard */,
				043DC1F02699AE9100249191 /* Info.plist */,
			);
			path = "Collection View";
			sourceTree = "<group>";
		};
/* End PBXGroup section */

/* Begin PBXNativeTarget section */
		043DC1DE2699AE9000249191 /* Collection View */ = {
			isa = PBXNativeTarget;
			buildConfigurationList = 043DC1F32699AE9100249191 /* Build configuration list for PBXNativeTarget "Collection View" */;
			buildPhases = (
				043DC1DB2699AE9000249191 /* Sources */,
				043DC1DC2699AE9000249191 /* Frameworks */,
				043DC1DD2699AE9000249191 /* Resources */,
			);
			buildRules = (
			);
			dependencies = (
			);
			name = "Collection View";
			productName = "Collection View";
			productReference = 043DC1DF2699AE9000249191 /* Collection View.app */;
			productType = "com.apple.product-type.application";
		};
/* End PBXNativeTarget section */

/* Begin PBXProject section */
		043DC1D72699AE9000249191 /* Project object */ = {
			isa = PBXProject;
			attributes = {
				LastSwiftUpdateCheck = 1240;
				LastUpgradeCheck = 1240;
				TargetAttributes = {
					043DC1DE2699AE9000249191 = {
						CreatedOnToolsVersion = 12.4;
					};
				};
			};
			buildConfigurationList = 043DC1DA2699AE9000249191 /* Build configuration list for PBXProject "Collection View" */;
			compatibilityVersion = "Xcode 9.3";
			developmentRegion = en;
			hasScannedForEncodings = 0;
			knownRegions = (
				en,
				Base,
			);
			mainGroup = 043DC1D62699AE9000249191;
			productRefGroup = 043DC1E02699AE9000249191 /* Products */;
			projectDirPath = "";
			projectRoot = "";
			targets = (
				043DC1DE2699AE9000249191 /* Collection View */,
			);
		};
/* End PBXProject section */

/* Begin PBXResourcesBuildPhase section */
		043DC1DD2699AE9000249191 /* Resources */ = {
			isa = PBXResourcesBuildPhase;
			buildActionMask = 2147483647;
			files = (
				043DC1EF2699AE9100249191 /* LaunchScreen.storyboard in Resources */,
				043DC1EC2699AE9100249191 /* Assets.xcassets in Resources */,
				043DC1EA2699AE9000249191 /* Main.storyboard in Resources */,
			);
			runOnlyForDeploymentPostprocessing = 0;
		};
/* End PBXResourcesBuildPhase section */

/* Begin PBXSourcesBuildPhase section */
		043DC1DB2699AE9000249191 /* Sources */ = {
			isa = PBXSourcesBuildPhase;
			buildActionMask = 2147483647;
			files = (
				043DC1E72699AE9000249191 /* ViewController.swift in Sources */,
				043DC1E32699AE9000249191 /* AppDelegate.swift in Sources */,
				043DC1F82699B02700249191 /* MyCollectionViewCell.swift in Sources */,
				043DC1E52699AE9000249191 /* SceneDelegate.swift in Sources */,
			);
			runOnlyForDeploymentPostprocessing = 0;
		};
/* End PBXSourcesBuildPhase section */

/* Begin PBXVariantGroup section */
		043DC1E82699AE9000249191 /* Main.storyboard */ = {
			isa = PBXVariantGroup;
			children = (
				043DC1E92699AE9000249191 /* Base */,
			);
			name = Main.storyboard;
			sourceTree = "<group>";
		};
		043DC1ED2699AE9100249191 /* LaunchScreen.storyboard */ = {
			isa = PBXVariantGroup;
			children = (
				043DC1EE2699AE9100249191 /* Base */,
			);
			name = LaunchScreen.storyboard;
			sourceTree = "<group>";
		};
/* End PBXVariantGroup section */

/* Begin XCBuildConfiguration section */
		043DC1F12699AE9100249191 /* Debug */ = {
			isa = XCBuildConfiguration;
			buildSettings = {
				ALWAYS_SEARCH_USER_PATHS = NO;
				CLANG_ANALYZER_NONNULL = YES;
				CLANG_ANALYZER_NUMBER_OBJECT_CONVERSION = YES_AGGRESSIVE;
				CLANG_CXX_LANGUAGE_STANDARD = "gnu++14";
				CLANG_CXX_LIBRARY = "libc++";
				CLANG_ENABLE_MODULES = YES;
				CLANG_ENABLE_OBJC_ARC = YES;
				CLANG_ENABLE_OBJC_WEAK = YES;
				CLANG_WARN_BLOCK_CAPTURE_AUTORELEASING = YES;
				CLANG_WARN_BOOL_CONVERSION = YES;
				CLANG_WARN_COMMA = YES;
				CLANG_WARN_CONSTANT_CONVERSION = YES;
				CLANG_WARN_DEPRECATED_OBJC_IMPLEMENTATIONS = YES;
				CLANG_WARN_DIRECT_OBJC_ISA_USAGE = YES_ERROR;
				CLANG_WARN_DOCUMENTATION_COMMENTS = YES;
				CLANG_WARN_EMPTY_BODY = YES;
				CLANG_WARN_ENUM_CONVERSION = YES;
				CLANG_WARN_INFINITE_RECURSION = YES;
				CLANG_WARN_INT_CONVERSION = YES;
				CLANG_WARN_NON_LITERAL_NULL_CONVERSION = YES;
				CLANG_WARN_OBJC_IMPLICIT_RETAIN_SELF = YES;
				CLANG_WARN_OBJC_LITERAL_CONVERSION = YES;
				CLANG_WARN_OBJC_ROOT_CLASS = YES_ERROR;
				CLANG_WARN_QUOTED_INCLUDE_IN_FRAMEWORK_HEADER = YES;
				CLANG_WARN_RANGE_LOOP_ANALYSIS = YES;
				CLANG_WARN_STRICT_PROTOTYPES = YES;
				CLANG_WARN_SUSPICIOUS_MOVE = YES;
				CLANG_WARN_UNGUARDED_AVAILABILITY = YES_AGGRESSIVE;
				CLANG_WARN_UNREACHABLE_CODE = YES;
				CLANG_WARN__DUPLICATE_METHOD_MATCH = YES;
				COPY_PHASE_STRIP = NO;
				DEBUG_INFORMATION_FORMAT = dwarf;
				ENABLE_STRICT_OBJC_MSGSEND = YES;
				ENABLE_TESTABILITY = YES;
				GCC_C_LANGUAGE_STANDARD = gnu11;
				GCC_DYNAMIC_NO_PIC = NO;
				GCC_NO_COMMON_BLOCKS = YES;
				GCC_OPTIMIZATION_LEVEL = 0;
				GCC_PREPROCESSOR_DEFINITIONS = (
					"DEBUG=1",
					"$(inherited)",
				);
				GCC_WARN_64_TO_32_BIT_CONVERSION = YES;
				GCC_WARN_ABOUT_RETURN_TYPE = YES_ERROR;
				GCC_WARN_UNDECLARED_SELECTOR = YES;
				GCC_WARN_UNINITIALIZED_AUTOS = YES_AGGRESSIVE;
				GCC_WARN_UNUSED_FUNCTION = YES;
				GCC_WARN_UNUSED_VARIABLE = YES;
				IPHONEOS_DEPLOYMENT_TARGET = 14.4;
				MTL_ENABLE_DEBUG_INFO = INCLUDE_SOURCE;
				MTL_FAST_MATH = YES;
				ONLY_ACTIVE_ARCH = YES;
				SDKROOT = iphoneos;
				SWIFT_ACTIVE_COMPILATION_CONDITIONS = DEBUG;
				SWIFT_OPTIMIZATION_LEVEL = "-Onone";
			};
			name = Debug;
		};
		043DC1F22699AE9100249191 /* Release */ = {
			isa = XCBuildConfiguration;
			buildSettings = {
				ALWAYS_SEARCH_USER_PATHS = NO;
				CLANG_ANALYZER_NONNULL = YES;
				CLANG_ANALYZER_NUMBER_OBJECT_CONVERSION = YES_AGGRESSIVE;
				CLANG_CXX_LANGUAGE_STANDARD = "gnu++14";
				CLANG_CXX_LIBRARY = "libc++";
				CLANG_ENABLE_MODULES = YES;
				CLANG_ENABLE_OBJC_ARC = YES;
				CLANG_ENABLE_OBJC_WEAK = YES;
				CLANG_WARN_BLOCK_CAPTURE_AUTORELEASING = YES;
				CLANG_WARN_BOOL_CONVERSION = YES;
				CLANG_WARN_COMMA = YES;
				CLANG_WARN_CONSTANT_CONVERSION = YES;
				CLANG_WARN_DEPRECATED_OBJC_IMPLEMENTATIONS = YES;
				CLANG_WARN_DIRECT_OBJC_ISA_USAGE = YES_ERROR;
				CLANG_WARN_DOCUMENTATION_COMMENTS = YES;
				CLANG_WARN_EMPTY_BODY = YES;
				CLANG_WARN_ENUM_CONVERSION = YES;
				CLANG_WARN_INFINITE_RECURSION = YES;
				CLANG_WARN_INT_CONVERSION = YES;
				CLANG_WARN_NON_LITERAL_NULL_CONVERSION = YES;
				CLANG_WARN_OBJC_IMPLICIT_RETAIN_SELF = YES;
				CLANG_WARN_OBJC_LITERAL_CONVERSION = YES;
				CLANG_WARN_OBJC_ROOT_CLASS = YES_ERROR;
				CLANG_WARN_QUOTED_INCLUDE_IN_FRAMEWORK_HEADER = YES;
				CLANG_WARN_RANGE_LOOP_ANALYSIS = YES;
				CLANG_WARN_STRICT_PROTOTYPES = YES;
				CLANG_WARN_SUSPICIOUS_MOVE = YES;
				CLANG_WARN_UNGUARDED_AVAILABILITY = YES_AGGRESSIVE;
				CLANG_WARN_UNREACHABLE_CODE = YES;
				CLANG_WARN__DUPLICATE_METHOD_MATCH = YES;
				COPY_PHASE_STRIP = NO;
				DEBUG_INFORMATION_FORMAT = "dwarf-with-dsym";
				ENABLE_NS_ASSERTIONS = NO;
				ENABLE_STRICT_OBJC_MSGSEND = YES;
				GCC_C_LANGUAGE_STANDARD = gnu11;
				GCC_NO_COMMON_BLOCKS = YES;
				GCC_WARN_64_TO_32_BIT_CONVERSION = YES;
				GCC_WARN_ABOUT_RETURN_TYPE = YES_ERROR;
				GCC_WARN_UNDECLARED_SELECTOR = YES;
				GCC_WARN_UNINITIALIZED_AUTOS = YES_AGGRESSIVE;
				GCC_WARN_UNUSED_FUNCTION = YES;
				GCC_WARN_UNUSED_VARIABLE = YES;
				IPHONEOS_DEPLOYMENT_TARGET = 14.4;
				MTL_ENABLE_DEBUG_INFO = NO;
				MTL_FAST_MATH = YES;
				SDKROOT = iphoneos;
				SWIFT_COMPILATION_MODE = wholemodule;
				SWIFT_OPTIMIZATION_LEVEL = "-O";
				VALIDATE_PRODUCT = YES;
			};
			name = Release;
		};
		043DC1F42699AE9100249191 /* Debug */ = {
			isa = XCBuildConfiguration;
			buildSettings = {
				ASSETCATALOG_COMPILER_APPICON_NAME = AppIcon;
				ASSETCATALOG_COMPILER_GLOBAL_ACCENT_COLOR_NAME = AccentColor;
				CODE_SIGN_STYLE = Automatic;
				INFOPLIST_FILE = "Collection View/Info.plist";
				LD_RUNPATH_SEARCH_PATHS = (
					"$(inherited)",
					"@executable_path/Frameworks",
				);
				PRODUCT_BUNDLE_IDENTIFIER = "first.Collection-View";
				PRODUCT_NAME = "$(TARGET_NAME)";
				SWIFT_VERSION = 5.0;
				TARGETED_DEVICE_FAMILY = "1,2";
			};
			name = Debug;
		};
		043DC1F52699AE9100249191 /* Release */ = {
			isa = XCBuildConfiguration;
			buildSettings = {
				ASSETCATALOG_COMPILER_APPICON_NAME = AppIcon;
				ASSETCATALOG_COMPILER_GLOBAL_ACCENT_COLOR_NAME = AccentColor;
				CODE_SIGN_STYLE = Automatic;
				INFOPLIST_FILE = "Collection View/Info.plist";
				LD_RUNPATH_SEARCH_PATHS = (
					"$(inherited)",
					"@executable_path/Frameworks",
				);
				PRODUCT_BUNDLE_IDENTIFIER = "first.Collection-View";
				PRODUCT_NAME = "$(TARGET_NAME)";
				SWIFT_VERSION = 5.0;
				TARGETED_DEVICE_FAMILY = "1,2";
			};
			name = Release;
		};
/* End XCBuildConfiguration section */

/* Begin XCConfigurationList section */
		043DC1DA2699AE9000249191 /* Build configuration list for PBXProject "Collection View" */ = {
			isa = XCConfigurationList;
			buildConfigurations = (
				043DC1F12699AE9100249191 /* Debug */,
				043DC1F22699AE9100249191 /* Release */,
			);
			defaultConfigurationIsVisible = 0;
			defaultConfigurationName = Release;
		};
		043DC1F32699AE9100249191 /* Build configuration list for PBXNativeTarget "Collection View" */ = {
			isa = XCConfigurationList;
			buildConfigurations = (
				043DC1F42699AE9100249191 /* Debug */,
				043DC1F52699AE9100249191 /* Release */,
			);
			defaultConfigurationIsVisible = 0;
			defaultConfigurationName = Release;
		};
/* End XCConfigurationList section */
	};
	rootObject = 043DC1D72699AE9000249191 /* Project object */;
}
